
Microsoft Visual Studio Solution File, Format Version 12.00
# Visual Studio Version 17
VisualStudioVersion = 17.14.37314.3 d17.14
MinimumVisualStudioVersion = 10.0.40219.1
Project("{FAE04EC0-301F-11D3-BF4B-00C04F79EFBC}") = "LLMGateway", "LLMGateway\LLMGateway.csproj", "{4E6DD530-E6F9-4148-A667-8EB70FFFAF14}"
EndProject
Project("{FAE04EC0-301F-11D3-BF4B-00C04F79EFBC}") = "LLMGateway.Tests", "LLMGateway.Tests\LLMGateway.Tests.csproj", "{4DF53F82-0F78-43F1-9DC5-680705287154}"
EndProject
Project("{FAE04EC0-301F-11D3-BF4B-00C04F79EFBC}") = "LLMTutorRoom", "LLMTutorRoom\LLMTutorRoom.csproj", "{2228B7CB-9A7A-4596-834C-3F09ECAAE347}"
EndProject
Project("{2150E333-8FDC-42A3-9474-1A3956D46DE8}") = "Solution Items", "Solution Items", "{463A75AB-1534-4D13-9130-EF1CF9064D95}"
	ProjectSection(SolutionItems) = preProject
		.dockerignore = .dockerignore
		docker-compose.infra.yml = docker-compose.infra.yml
		docker-compose.yml = docker-compose.yml
		README.md = README.md
	EndProjectSection
EndProject
Project("{2150E333-8FDC-42A3-9474-1A3956D46DE8}") = "docs", "docs", "{955A505C-D79A-4E4A-BD40-722C561EF34D}"
	ProjectSection(SolutionItems) = preProject
		docs\architecture.md = docs\architecture.md
		docs\auth-service.md = docs\auth-service.md
		docs\images\llmtutorroom-student-attempt.png = docs\images\llmtutorroom-student-attempt.png
		docs\images\llmtutorroom-teacher-tests.png = docs\images\llmtutorroom-teacher-tests.png
		docs\llm-gateway.md = docs\llm-gateway.md
		docs\llm-tutor-room.md = docs\llm-tutor-room.md
		docs\README.md = docs\README.md
		docs\review-service.md = docs\review-service.md
		docs\teaching-service.md = docs\teaching-service.md
	EndProjectSection
EndProject
Project("{FAE04EC0-301F-11D3-BF4B-00C04F79EFBC}") = "LLMTutorRoom.Tests", "LLMTutorRoom.Tests\LLMTutorRoom.Tests.csproj", "{E54A4B3E-3B11-45E2-AD27-38003E4446D3}"
EndProject
Project("{FAE04EC0-301F-11D3-BF4B-00C04F79EFBC}") = "Shared.Auth", "Shared.Auth\Shared.Auth.csproj", "{06C226EE-EEE9-4869-819A-00628223D66B}"
EndProject
Project("{FAE04EC0-301F-11D3-BF4B-00C04F79EFBC}") = "AuthService", "AuthService\AuthService.csproj", "{27393FD9-92C8-4659-B0AF-B0F468674980}"
EndProject
Project("{2150E333-8FDC-42A3-9474-1A3956D46DE8}") = "infra", "infra", "{0F0327BC-9B28-4C93-9617-4BC975B0F6EA}"
	ProjectSection(SolutionItems) = preProject
		infra\nginx\nginx.compose.conf = infra\nginx\nginx.compose.conf
		infra\nginx\nginx.local.conf = infra\nginx\nginx.local.conf
		infra\nginx\nginx.docker.conf = infra\nginx\nginx.docker.conf
		infra\nginx\README.md = infra\nginx\README.md
	EndProjectSection
EndProject
Project("{FAE04EC0-301F-11D3-BF4B-00C04F79EFBC}") = "TeachingService.Contracts", "TeachingService.Contracts\TeachingService.Contracts.csproj", "{6C3B2A20-BFD6-449F-9C19-10D4D9528FD4}"
EndProject
Project("{FAE04EC0-301F-11D3-BF4B-00C04F79EFBC}") = "TeachingService", "TeachingService\TeachingService.csproj", "{7DA10348-4027-4801-8F59-412C4013C778}"
EndProject
Project("{FAE04EC0-301F-11D3-BF4B-00C04F79EFBC}") = "ReviewService.Contracts", "ReviewService.Contracts\ReviewService.Contracts.csproj", "{0BB84D40-7A44-4C18-B459-D453671A4452}"
EndProject
Project("{FAE04EC0-301F-11D3-BF4B-00C04F79EFBC}") = "ReviewService", "ReviewService\ReviewService.csproj", "{FBA104FE-31B5-427D-B02C-C53D2E393EFA}"
EndProject
Project("{FAE04EC0-301F-11D3-BF4B-00C04F79EFBC}") = "ReviewService.Tests", "ReviewService.Tests\ReviewService.Tests.csproj", "{40B2B72A-1DA4-4BDC-AB8E-E0076137F56F}"
EndProject
Project("{FAE04EC0-301F-11D3-BF4B-00C04F79EFBC}") = "TeachingService.Tests", "TeachingService.Tests\TeachingService.Tests.csproj", "{1EBB1E53-A366-45F8-A296-4A3B36830F82}"
EndProject
Global
	GlobalSection(SolutionConfigurationPlatforms) = preSolution
		Debug|Any CPU = Debug|Any CPU
		Release|Any CPU = Release|Any CPU
	EndGlobalSection
	GlobalSection(ProjectConfigurationPlatforms) = postSolution
		{4E6DD530-E6F9-4148-A667-8EB70FFFAF14}.Debug|Any CPU.ActiveCfg = Debug|Any CPU
		{4E6DD530-E6F9-4148-A667-8EB70FFFAF14}.Debug|Any CPU.Build.0 = Debug|Any CPU
		{4E6DD530-E6F9-4148-A667-8EB70FFFAF14}.Release|Any CPU.ActiveCfg = Release|Any CPU
		{4E6DD530-E6F9-4148-A667-8EB70FFFAF14}.Release|Any CPU.Build.0 = Release|Any CPU
		{4DF53F82-0F78-43F1-9DC5-680705287154}.Debug|Any CPU.ActiveCfg = Debug|Any CPU
		{4DF53F82-0F78-43F1-9DC5-680705287154}.Debug|Any CPU.Build.0 = Debug|Any CPU
		{4DF53F82-0F78-43F1-9DC5-680705287154}.Release|Any CPU.ActiveCfg = Release|Any CPU
		{4DF53F82-0F78-43F1-9DC5-680705287154}.Release|Any CPU.Build.0 = Release|Any CPU
		{2228B7CB-9A7A-4596-834C-3F09ECAAE347}.Debug|Any CPU.ActiveCfg = Debug|Any CPU
		{2228B7CB-9A7A-4596-834C-3F09ECAAE347}.Debug|Any CPU.Build.0 = Debug|Any CPU
		{2228B7CB-9A7A-4596-834C-3F09ECAAE347}.Release|Any CPU.ActiveCfg = Release|Any CPU
		{2228B7CB-9A7A-4596-834C-3F09ECAAE347}.Release|Any CPU.Build.0 = Release|Any CPU
		{E54A4B3E-3B11-45E2-AD27-38003E4446D3}.Debug|Any CPU.ActiveCfg = Debug|Any CPU
		{E54A4B3E-3B11-45E2-AD27-38003E4446D3}.Debug|Any CPU.Build.0 = Debug|Any CPU
		{E54A4B3E-3B11-45E2-AD27-38003E4446D3}.Release|Any CPU.ActiveCfg = Release|Any CPU
		{E54A4B3E-3B11-45E2-AD27-38003E4446D3}.Release|Any CPU.Build.0 = Release|Any CPU
		{06C226EE-EEE9-4869-819A-00628223D66B}.Debug|Any CPU.ActiveCfg = Debug|Any CPU
		{06C226EE-EEE9-4869-819A-00628223D66B}.Debug|Any CPU.Build.0 = Debug|Any CPU
		{06C226EE-EEE9-4869-819A-00628223D66B}.Release|Any CPU.ActiveCfg = Release|Any CPU
		{06C226EE-EEE9-4869-819A-00628223D66B}.Release|Any CPU.Build.0 = Release|Any CPU
		{27393FD9-92C8-4659-B0AF-B0F468674980}.Debug|Any CPU.ActiveCfg = Debug|Any CPU
		{27393FD9-92C8-4659-B0AF-B0F468674980}.Debug|Any CPU.Build.0 = Debug|Any CPU
		{27393FD9-92C8-4659-B0AF-B0F468674980}.Release|Any CPU.ActiveCfg = Release|Any CPU
		{27393FD9-92C8-4659-B0AF-B0F468674980}.Release|Any CPU.Build.0 = Release|Any CPU
		{6C3B2A20-BFD6-449F-9C19-10D4D9528FD4}.Debug|Any CPU.ActiveCfg = Debug|Any CPU
		{6C3B2A20-BFD6-449F-9C19-10D4D9528FD4}.Debug|Any CPU.Build.0 = Debug|Any CPU
		{6C3B2A20-BFD6-449F-9C19-10D4D9528FD4}.Release|Any CPU.ActiveCfg = Release|Any CPU
		{6C3B2A20-BFD6-449F-9C19-10D4D9528FD4}.Release|Any CPU.Build.0 = Release|Any CPU
		{7DA10348-4027-4801-8F59-412C4013C778}.Debug|Any CPU.ActiveCfg = Debug|Any CPU
		{7DA10348-4027-4801-8F59-412C4013C778}.Debug|Any CPU.Build.0 = Debug|Any CPU
		{7DA10348-4027-4801-8F59-412C4013C778}.Release|Any CPU.ActiveCfg = Release|Any CPU
		{7DA10348-4027-4801-8F59-412C4013C778}.Release|Any CPU.Build.0 = Release|Any CPU
		{0BB84D40-7A44-4C18-B459-D453671A4452}.Debug|Any CPU.ActiveCfg = Debug|Any CPU
		{0BB84D40-7A44-4C18-B459-D453671A4452}.Debug|Any CPU.Build.0 = Debug|Any CPU
		{0BB84D40-7A44-4C18-B459-D453671A4452}.Release|Any CPU.ActiveCfg = Release|Any CPU
		{0BB84D40-7A44-4C18-B459-D453671A4452}.Release|Any CPU.Build.0 = Release|Any CPU
		{FBA104FE-31B5-427D-B02C-C53D2E393EFA}.Debug|Any CPU.ActiveCfg = Debug|Any CPU
		{FBA104FE-31B5-427D-B02C-C53D2E393EFA}.Debug|Any CPU.Build.0 = Debug|Any CPU
		{FBA104FE-31B5-427D-B02C-C53D2E393EFA}.Release|Any CPU.ActiveCfg = Release|Any CPU
		{FBA104FE-31B5-427D-B02C-C53D2E393EFA}.Release|Any CPU.Build.0 = Release|Any CPU
		{40B2B72A-1DA4-4BDC-AB8E-E0076137F56F}.Debug|Any CPU.ActiveCfg = Debug|Any CPU
		{40B2B72A-1DA4-4BDC-AB8E-E0076137F56F}.Debug|Any CPU.Build.0 = Debug|Any CPU
		{40B2B72A-1DA4-4BDC-AB8E-E0076137F56F}.Release|Any CPU.ActiveCfg = Release|Any CPU
		{40B2B72A-1DA4-4BDC-AB8E-E0076137F56F}.Release|Any CPU.Build.0 = Release|Any CPU
		{1EBB1E53-A366-45F8-A296-4A3B36830F82}.Debug|Any CPU.ActiveCfg = Debug|Any CPU
		{1EBB1E53-A366-45F8-A296-4A3B36830F82}.Debug|Any CPU.Build.0 = Debug|Any CPU
		{1EBB1E53-A366-45F8-A296-4A3B36830F82}.Release|Any CPU.ActiveCfg = Release|Any CPU
		{1EBB1E53-A366-45F8-A296-4A3B36830F82}.Release|Any CPU.Build.0 = Release|Any CPU
	EndGlobalSection
	GlobalSection(SolutionProperties) = preSolution
		HideSolutionNode = FALSE
	EndGlobalSection
	GlobalSection(ExtensibilityGlobals) = postSolution
		SolutionGuid = {0EF65A11-A504-4F8D-B4D1-4F92869EDF33}
	EndGlobalSection
EndGlobal
