
Microsoft Visual Studio Solution File, Format Version 12.00
# Visual Studio Version 17
VisualStudioVersion = 17.14.37314.3 d17.14
MinimumVisualStudioVersion = 10.0.40219.1
Project("{FAE04EC0-301F-11D3-BF4B-00C04F79EFBC}") = "LLMGateway", "LLMGateway\LLMGateway.csproj", "{4E6DD530-E6F9-4148-A667-8EB70FFFAF14}"
EndProject
Project("{FAE04EC0-301F-11D3-BF4B-00C04F79EFBC}") = "LLMGateway.Tests", "LLMGateway.Tests\LLMGateway.Tests.csproj", "{4DF53F82-0F78-43F1-9DC5-680705287154}"
EndProject
Project("{FAE04EC0-301F-11D3-BF4B-00C04F79EFBC}") = "LLMTutorRoom", "LLMTutorRoom\LLMTutorRoom.csproj", "{2228B7CB-9A7A-4596-834C-3F09ECAAE347}"
EndProject
Project("{2150E333-8FDC-42A3-9474-1A3956D46DE8}") = "Solution Items", "Solution Items", "{463A75AB-1534-4D13-9130-EF1CF9064D95}"
	ProjectSection(SolutionItems) = preProject
		README.md = README.md
	EndProjectSection
EndProject
Project("{2150E333-8FDC-42A3-9474-1A3956D46DE8}") = "docs", "docs", "{955A505C-D79A-4E4A-BD40-722C561EF34D}"
	ProjectSection(SolutionItems) = preProject
		docs\images\llmtutorroom-student-attempt.png = docs\images\llmtutorroom-student-attempt.png
		docs\images\llmtutorroom-teacher-tests.png = docs\images\llmtutorroom-teacher-tests.png
	EndProjectSection
EndProject
Global
	GlobalSection(SolutionConfigurationPlatforms) = preSolution
		Debug|Any CPU = Debug|Any CPU
		Release|Any CPU = Release|Any CPU
	EndGlobalSection
	GlobalSection(ProjectConfigurationPlatforms) = postSolution
		{4E6DD530-E6F9-4148-A667-8EB70FFFAF14}.Debug|Any CPU.ActiveCfg = Debug|Any CPU
		{4E6DD530-E6F9-4148-A667-8EB70FFFAF14}.Debug|Any CPU.Build.0 = Debug|Any CPU
		{4E6DD530-E6F9-4148-A667-8EB70FFFAF14}.Release|Any CPU.ActiveCfg = Release|Any CPU
		{4E6DD530-E6F9-4148-A667-8EB70FFFAF14}.Release|Any CPU.Build.0 = Release|Any CPU
		{4DF53F82-0F78-43F1-9DC5-680705287154}.Debug|Any CPU.ActiveCfg = Debug|Any CPU
		{4DF53F82-0F78-43F1-9DC5-680705287154}.Debug|Any CPU.Build.0 = Debug|Any CPU
		{4DF53F82-0F78-43F1-9DC5-680705287154}.Release|Any CPU.ActiveCfg = Release|Any CPU
		{4DF53F82-0F78-43F1-9DC5-680705287154}.Release|Any CPU.Build.0 = Release|Any CPU
		{2228B7CB-9A7A-4596-834C-3F09ECAAE347}.Debug|Any CPU.ActiveCfg = Debug|Any CPU
		{2228B7CB-9A7A-4596-834C-3F09ECAAE347}.Debug|Any CPU.Build.0 = Debug|Any CPU
		{2228B7CB-9A7A-4596-834C-3F09ECAAE347}.Release|Any CPU.ActiveCfg = Release|Any CPU
		{2228B7CB-9A7A-4596-834C-3F09ECAAE347}.Release|Any CPU.Build.0 = Release|Any CPU
	EndGlobalSection
	GlobalSection(SolutionProperties) = preSolution
		HideSolutionNode = FALSE
	EndGlobalSection
	GlobalSection(ExtensibilityGlobals) = postSolution
		SolutionGuid = {0EF65A11-A504-4F8D-B4D1-4F92869EDF33}
	EndGlobalSection
EndGlobal
